# This file is automatically @generated by Poetry 1.8.3 and should not be changed by hand.

[[package]]
name = "terminaltables"
version = "3.1.10"
description = "Generate simple tables in terminals from a nested list of strings."
optional = false
python-versions = ">=2.6"
files = [
    {file = "terminaltables-3.1.10-py2.py3-none-any.whl", hash = "sha256:e4fdc4179c9e4aab5f674d80f09d76fa436b96fdc698a8505e0a36bf0804a874"},
    {file = "terminaltables-3.1.10.tar.gz", hash = "sha256:ba6eca5cb5ba02bba4c9f4f985af80c54ec3dccf94cfcd190154386255e47543"},
]

[[package]]
name = "unicodedata2"
version = "15.1.0"
description = "Unicodedata backport updated to the latest Unicode version."
optional = false
python-versions = "*"
files = [
    {file = "unicodedata2-15.1.0-cp310-cp310-macosx_10_9_universal2.whl", hash = "sha256:610c7be5a2c6e2809b0dc16134aa156be98f56f1cd50a6ce424854e6c270e360"},
    {file = "unicodedata2-15.1.0-cp310-cp310-macosx_10_9_x86_64.whl", hash = "sha256:e44792a9f5b51b03d66b99e231318fc2db2253a7035976e8653020641d03e030"},
    {file = "unicodedata2-15.1.0-cp310-cp310-manylinux_2_17_aarch64.manylinux2014_aarch64.whl", hash = "sha256:1b579d1c0fb417513566e2ffb605dd4f65d7952333633b55db9a1a611c16228b"},
    {file = "unicodedata2-15.1.0-cp310-cp310-manylinux_2_17_x86_64.manylinux2014_x86_64.whl", hash = "sha256:8e383b14c3c7c2e108d7ed20bbef2937672ff0cb2df6a8855b0490a8b35852eb"},
    {file = "unicodedata2-15.1.0-cp310-cp310-musllinux_1_1_aarch64.whl", hash = "sha256:963fb9a95326b3e838d56b41eaa38c0dad7aeeacc62fdd42e7742a73b890e404"},
    {file = "unicodedata2-15.1.0-cp310-cp310-musllinux_1_1_x86_64.whl", hash = "sha256:aa4d21514f2eea30fee201a4d3ba71d9545a1c70138c20227b515a0d005534ce"},
    {file = "unicodedata2-15.1.0-cp310-cp310-win32.whl", hash = "sha256:50ac07edfca3c99d41838276283bef28f3f6c92bf38209961b179d90da40f4b8"},
    {file = "unicodedata2-15.1.0-cp310-cp310-win_amd64.whl", hash = "sha256:68cd89e97b1c2218b71a2e0d76102b49242dbb3d06f89d86c78753857cc19cd7"},
    {file = "unicodedata2-15.1.0-cp311-cp311-macosx_10_9_universal2.whl", hash = "sha256:a3f451fe97082ebc3814966d0868718f4e8fcb9c64782ecafdaf950f5a468b08"},
    {file = "unicodedata2-15.1.0-cp311-cp311-macosx_10_9_x86_64.whl", hash = "sha256:9ad11b8260448a794b928a80018ef91a18f95d938e77431b338b81516f56dbb0"},
    {file = "unicodedata2-15.1.0-cp311-cp311-manylinux_2_17_x86_64.manylinux2014_x86_64.whl", hash = "sha256:a2442a539d1e493486fdbbdf1d08c8f5d4abe51c9b77b7d39df319a96d30abe4"},
    {file = "unicodedata2-15.1.0-cp311-cp311-musllinux_1_1_x86_64.whl", hash = "sha256:2af0d0eb7f9837ffcb3a440f51f25d80a2edb3c8eb03d61ba7eb3b5b938bf1cb"},
    {file = "unicodedata2-15.1.0-cp311-cp311-win32.whl", hash = "sha256:fbb1ec96167c17e8618d7d534d97d4e13f3e0d5cadd07991bb5425c3a8d8da6a"},
    {file = "unicodedata2-15.1.0-cp311-cp311-win_amd64.whl", hash = "sha256:da53b7203fac0a789808325d8fa06e47ca7367690e3dfb2d0ea3c9c44b659f52"},
    {file = "unicodedata2-15.1.0-cp312-cp312-macosx_10_9_universal2.whl", hash = "sha256:4c2100566694cfd35b12be4845723f3427833e1cc685a15d5895b705f9bd2086"},
    {file = "unicodedata2-15.1.0-cp312-cp312-macosx_10_9_x86_64.whl", hash = "sha256:8de2240f942ce8a44871edcbc05f554e9d3d8a1f274c591835048dfde7b9afe2"},
    {file = "unicodedata2-15.1.0-cp312-cp312-manylinux_2_17_x86_64.manylinux2014_x86_64.whl", hash = "sha256:bcdcd195484ba8ef19bef04ec14dcd8b1f8d6560fc517462ee0e010f5f545d75"},
    {file = "unicodedata2-15.1.0-cp312-cp312-musllinux_1_1_x86_64.whl", hash = "sha256:5b28ecf16d249bd4a9808db0ae0fdaa6f499d625e39d96800b8d2b424bf996b9"},
    {file = "unicodedata2-15.1.0-cp312-cp312-win32.whl", hash = "sha256:1062fe558eab6841063d2c36c104365e7e555740d8617acc32326b1a6c58fd96"},
    {file = "unicodedata2-15.1.0-cp312-cp312-win_amd64.whl", hash = "sha256:1790660996157d3b468e44a8f1b2f6061a95fa8316e09d673cf554fa5ef185f4"},
    {file = "unicodedata2-15.1.0-cp36-cp36m-macosx_10_9_x86_64.whl", hash = "sha256:a154fea6be97d44324d82a87d0013307cdb22fac995a9941c7261378cc24339c"},
    {file = "unicodedata2-15.1.0-cp36-cp36m-manylinux_2_17_x86_64.manylinux2014_x86_64.whl", hash = "sha256:755d4dffe887d3c90fbb7eb026f4be44b2d5d1a419d51c889d9b29e4790c8b76"},
    {file = "unicodedata2-15.1.0-cp36-cp36m-musllinux_1_1_x86_64.whl", hash = "sha256:3d4d41ac7bb831b8ee1dba81e0d04dc888bca3109dc18388b832203372d6e7b0"},
    {file = "unicodedata2-15.1.0-cp36-cp36m-win32.whl", hash = "sha256:4041c8d2db24e26b8b828aeaf70850335d2c0acc6619351fddbb2cb3f1377853"},
    {file = "unicodedata2-15.1.0-cp36-cp36m-win_amd64.whl", hash = "sha256:55a359b210c4c54d6bd2df15ec0ff57059d374474efcff4a52a606bf02f0fddb"},
    {file = "unicodedata2-15.1.0-cp37-cp37m-macosx_10_9_x86_64.whl", hash = "sha256:69a9e7886f79ce9251f3c0d7fa5e8f9d528074f5f1ae5f05c07b5098842fd322"},
    {file = "unicodedata2-15.1.0-cp37-cp37m-manylinux_2_17_aarch64.manylinux2014_aarch64.whl", hash = "sha256:79c4fac44a13d3aa954cc2fbcc5c0e51f4841f933b6d9d76e904ff9cf76f6e6c"},
    {file = "unicodedata2-15.1.0-cp37-cp37m-manylinux_2_17_x86_64.manylinux2014_x86_64.whl", hash = "sha256:a361d761484cc2c58245cca6439d73a25d80b80a395636ffed339eca0edd48a5"},
    {file = "unicodedata2-15.1.0-cp37-cp37m-musllinux_1_1_aarch64.whl", hash = "sha256:68000e73ec4a9d7380986ddfd077f4208d9e90a87c6033b22ac3080f9357ccf7"},
    {file = "unicodedata2-15.1.0-cp37-cp37m-musllinux_1_1_x86_64.whl", hash = "sha256:bbfb40855583dc0774c5adf0a9c025d1b74e221d360454dedacb1fd75e6da916"},
    {file = "unicodedata2-15.1.0-cp37-cp37m-win32.whl", hash = "sha256:e70c537703f220a4f117880de1ba326cf28b88a5a2181dbcb770dbab2d0cb568"},
    {file = "unicodedata2-15.1.0-cp37-cp37m-win_amd64.whl", hash = "sha256:f9dab396cd872204ed32480a3011e0adbef14fa0fd96613e8a4d45d5a88d3ac7"},
    {file = "unicodedata2-15.1.0-cp38-cp38-macosx_10_9_universal2.whl", hash = "sha256:478dc6349f0f94b1dbe102b0301688259d1095239a8c017471da1eb4af992864"},
    {file = "unicodedata2-15.1.0-cp38-cp38-macosx_10_9_x86_64.whl", hash = "sha256:a76680f7aac6962f11fd146ae63f2a1f23bd98de47084787a887d9b125632378"},
    {file = "unicodedata2-15.1.0-cp38-cp38-manylinux_2_17_aarch64.manylinux2014_aarch64.whl", hash = "sha256:ebf2f6f0c3bf650b87db936ab6a4855917a5bf7bc40969b77cafb23a3406aec5"},
    {file = "unicodedata2-15.1.0-cp38-cp38-manylinux_2_17_x86_64.manylinux2014_x86_64.whl", hash = "sha256:c683c237d60acb372796fc4716c8a92d5af86571859c8cbb6da76e6defb13c60"},
    {file = "unicodedata2-15.1.0-cp38-cp38-musllinux_1_1_aarch64.whl", hash = "sha256:b550aed54ad67095ce85ea59f926b828a4b2652c17b529cf52524c679e3b16be"},
    {file = "unicodedata2-15.1.0-cp38-cp38-musllinux_1_1_x86_64.whl", hash = "sha256:73783cf1fa43c1616d1b8f513506814565b9c017facb22363223a708aa2f897e"},
    {file = "unicodedata2-15.1.0-cp38-cp38-win32.whl", hash = "sha256:1be549faaa71b18fd384ed4cafb9001fa04260cecb507265d1f61640a036a042"},
    {file = "unicodedata2-15.1.0-cp38-cp38-win_amd64.whl", hash = "sha256:4b4792079f98339759676c005f67081db0d828379f25bb547f9d9107d79cf4d8"},
    {file = "unicodedata2-15.1.0-cp39-cp39-macosx_10_9_universal2.whl", hash = "sha256:fca3a55388d3c24e4366373020a1fc0fd4b2f097a5e278289629113a422d71a8"},
    {file = "unicodedata2-15.1.0-cp39-cp39-macosx_10_9_x86_64.whl", hash = "sha256:491b69fa05b0670b99f27e3b3b4bdffdc950619a96860b2a44af2e7e3cff877a"},
    {file = "unicodedata2-15.1.0-cp39-cp39-manylinux_2_17_aarch64.manylinux2014_aarch64.whl", hash = "sha256:c690fd63dcfeb4ca9d258b457b3e0003f9890e3f98d5b18091e4a44e0379742f"},
    {file = "unicodedata2-15.1.0-cp39-cp39-manylinux_2_17_x86_64.manylinux2014_x86_64.whl", hash = "sha256:0c1c7009492feeb2e2b709fa96ff43998eb4a028bb806933318f58da46d3078a"},
    {file = "unicodedata2-15.1.0-cp39-cp39-musllinux_1_1_aarch64.whl", hash = "sha256:39553fdcac95e6f25928a5f259315e21ca359ac81a9b4dc97026b3701a6942b1"},
    {file = "unicodedata2-15.1.0-cp39-cp39-musllinux_1_1_x86_64.whl", hash = "sha256:f4b637540757b4d5ec0a1782d3095914a1eb1bcb76e0073bd0268c5a1a68e545"},
    {file = "unicodedata2-15.1.0-cp39-cp39-win32.whl", hash = "sha256:4fc4376a0678d1e0becf3404becad4b0b98879cfd413034a88fcdd48c748166f"},
    {file = "unicodedata2-15.1.0-cp39-cp39-win_amd64.whl", hash = "sha256:a2a066f38e4b5c0a9a152e63d93641ba819e5dfc07887d7bac28c8e237fe42a5"},
    {file = "unicodedata2-15.1.0-pp310-pypy310_pp73-macosx_10_9_x86_64.whl", hash = "sha256:b257526804b1716050a37737095671cff8ac5ed84170a43f062ae50eb5f90af1"},
    {file = "unicodedata2-15.1.0-pp310-pypy310_pp73-manylinux_2_17_x86_64.manylinux2014_x86_64.whl", hash = "sha256:bc0c0af9079a3c3704d32461f1d7e2ba36f40f4539d23efecd4d47a37b937168"},
    {file = "unicodedata2-15.1.0-pp310-pypy310_pp73-win_amd64.whl", hash = "sha256:38d0804cf4c10a5008eb08d6f808bcc43dec93de923dca4a773ad84d4e9f916c"},
    {file = "unicodedata2-15.1.0-pp37-pypy37_pp73-macosx_10_9_x86_64.whl", hash = "sha256:a4ec53ff508a3356fc82353129f84da299f7c88c07e42111ab5379f54e7b8096"},
    {file = "unicodedata2-15.1.0-pp37-pypy37_pp73-manylinux_2_17_x86_64.manylinux2014_x86_64.whl", hash = "sha256:f5ea236de539dd4684855392fb859454e0cbfdacb883851d23efa9f7e4613c05"},
    {file = "unicodedata2-15.1.0-pp37-pypy37_pp73-win_amd64.whl", hash = "sha256:69b3e508b588e7f6e216abd30c6472042d004bfd861c7943bad030166fc2b0e8"},
    {file = "unicodedata2-15.1.0-pp38-pypy38_pp73-macosx_10_9_x86_64.whl", hash = "sha256:4cbffb1ed0a90ad266c898ec0f0c64de4bacac3225e4e36dab7b59061daaced7"},
    {file = "unicodedata2-15.1.0-pp38-pypy38_pp73-manylinux_2_17_x86_64.manylinux2014_x86_64.whl", hash = "sha256:b58dd58e76bd5a66bb2b8a8929b7ccb8226872693aa95053e2ed9b0455c22baf"},
    {file = "unicodedata2-15.1.0-pp38-pypy38_pp73-win_amd64.whl", hash = "sha256:fc9c76e6cb079254f75fb24c6876cc2b94a882d9cf1437521621b5e1688375f6"},
    {file = "unicodedata2-15.1.0-pp39-pypy39_pp73-macosx_10_9_x86_64.whl", hash = "sha256:df64286293960551e120dfd0ac8c618c1060f08b8f69359a54ede950d26eba06"},
    {file = "unicodedata2-15.1.0-pp39-pypy39_pp73-manylinux_2_17_x86_64.manylinux2014_x86_64.whl", hash = "sha256:010ea7cfbe445765605d24a16c0ef3fd7776f85cfb8e097c1458517cc8f84bd9"},
    {file = "unicodedata2-15.1.0-pp39-pypy39_pp73-win_amd64.whl", hash = "sha256:584ef92721c7379ef4e84fecb6aab1264d3ccfc174692d9a2a6bb017f90305f3"},
    {file = "unicodedata2-15.1.0.tar.gz", hash = "sha256:cb30f189ad66482f8529a45da71b2a8841e9bd2bb376cc2933003a4a55a07648"},
]

[package.extras]
testing = ["coverage", "pytest", "pytest-randomly", "pytest-xdist"]

[metadata]
lock-version = "2.0"
python-versions = "^3.10"
content-hash = "7511fd76b71c439e1ea2b76fc83c9611e8059a6b07b3f2deff9870ce326dc5e3"
